
Microsoft Visual Studio Solution File, Format Version 12.00
# Visual Studio Version 16
VisualStudioVersion = 16.0.31911.196
MinimumVisualStudioVersion = 10.0.40219.1
Project("{FAE04EC0-301F-11D3-BF4B-00C04F79EFBC}") = "PresentationLayer", "PresentationLayer.csproj", "{76D2D046-4475-433C-AE88-A4BA2A9AA66F}"
EndProject
Project("{FAE04EC0-301F-11D3-BF4B-00C04F79EFBC}") = "BusinessLayer", "..\BusinessLayer\BusinessLayer.csproj", "{07BD540E-6168-4A73-8F13-13C95A096400}"
EndProject
Project("{FAE04EC0-301F-11D3-BF4B-00C04F79EFBC}") = "DataLayer", "..\DataLayer\DataLayer.csproj", "{6225FD5B-FB94-420A-BB8A-897BC55F90DA}"
EndProject
Global
	GlobalSection(SolutionConfigurationPlatforms) = preSolution
		Debug|Any CPU = Debug|Any CPU
		Release|Any CPU = Release|Any CPU
	EndGlobalSection
	GlobalSection(ProjectConfigurationPlatforms) = postSolution
		{76D2D046-4475-433C-AE88-A4BA2A9AA66F}.Debug|Any CPU.ActiveCfg = Debug|Any CPU
		{76D2D046-4475-433C-AE88-A4BA2A9AA66F}.Debug|Any CPU.Build.0 = Debug|Any CPU
		{76D2D046-4475-433C-AE88-A4BA2A9AA66F}.Release|Any CPU.ActiveCfg = Release|Any CPU
		{76D2D046-4475-433C-AE88-A4BA2A9AA66F}.Release|Any CPU.Build.0 = Release|Any CPU
		{07BD540E-6168-4A73-8F13-13C95A096400}.Debug|Any CPU.ActiveCfg = Debug|Any CPU
		{07BD540E-6168-4A73-8F13-13C95A096400}.Debug|Any CPU.Build.0 = Debug|Any CPU
		{07BD540E-6168-4A73-8F13-13C95A096400}.Release|Any CPU.ActiveCfg = Release|Any CPU
		{07BD540E-6168-4A73-8F13-13C95A096400}.Release|Any CPU.Build.0 = Release|Any CPU
		{6225FD5B-FB94-420A-BB8A-897BC55F90DA}.Debug|Any CPU.ActiveCfg = Debug|Any CPU
		{6225FD5B-FB94-420A-BB8A-897BC55F90DA}.Debug|Any CPU.Build.0 = Debug|Any CPU
		{6225FD5B-FB94-420A-BB8A-897BC55F90DA}.Release|Any CPU.ActiveCfg = Release|Any CPU
		{6225FD5B-FB94-420A-BB8A-897BC55F90DA}.Release|Any CPU.Build.0 = Release|Any CPU
	EndGlobalSection
	GlobalSection(SolutionProperties) = preSolution
		HideSolutionNode = FALSE
	EndGlobalSection
	GlobalSection(ExtensibilityGlobals) = postSolution
		SolutionGuid = {8D0622B5-9AE7-44DE-A698-6383DD103F88}
	EndGlobalSection
EndGlobal
